// !$*UTF8*$!
{
	archiveVersion = 1;
	classes = {
	};
	objectVersion = 46;
	objects = {

/* Begin PBXBuildFile section */
		47E6978919F73DF70009E243 /* main.m in Sources */ = {isa = PBXBuildFile; fileRef = 47E6978819F73DF70009E243 /* main.m */; };
		47E6978C19F73DF70009E243 /* AppDelegate.m in Sources */ = {isa = PBXBuildFile; fileRef = 47E6978B19F73DF70009E243 /* AppDelegate.m */; };
		47E6978E19F73DF70009E243 /* Images.xcassets in Resources */ = {isa = PBXBuildFile; fileRef = 47E6978D19F73DF70009E243 /* Images.xcassets */; };
		47E6979119F73DF70009E243 /* MainMenu.xib in Resources */ = {isa = PBXBuildFile; fileRef = 47E6978F19F73DF70009E243 /* MainMenu.xib */; };
		47E6979D19F73DF70009E243 /* TestSparkleFrameworkTests.m in Sources */ = {isa = PBXBuildFile; fileRef = 47E6979C19F73DF70009E243 /* TestSparkleFrameworkTests.m */; };
		47E697A719F73E6B0009E243 /* ProductPackaging.sh in Resources */ = {isa = PBXBuildFile; fileRef = 47E697A619F73E6B0009E243 /* ProductPackaging.sh */; };
		47E697C119F73F0E0009E243 /* Sparkle.framework in CopyFiles */ = {isa = PBXBuildFile; fileRef = 47E697B419F73EE00009E243 /* Sparkle.framework */; settings = {ATTRIBUTES = (CodeSignOnCopy, RemoveHeadersOnCopy, ); }; };
		47E697C319F73F190009E243 /* Sparkle.framework in Frameworks */ = {isa = PBXBuildFile; fileRef = 47E697C219F73F190009E243 /* Sparkle.framework */; };
/* End PBXBuildFile section */

/* Begin PBXContainerItemProxy section */
		47E6979719F73DF70009E243 /* PBXContainerItemProxy */ = {
			isa = PBXContainerItemProxy;
			containerPortal = 47E6977B19F73DF70009E243 /* Project object */;
			proxyType = 1;
			remoteGlobalIDString = 47E6978219F73DF70009E243;
			remoteInfo = TestSparkleFramework;
		};
		47E697B319F73EE00009E243 /* PBXContainerItemProxy */ = {
			isa = PBXContainerItemProxy;
			containerPortal = 47E697A819F73EE00009E243 /* Sparkle.xcodeproj */;
			proxyType = 2;
			remoteGlobalIDString = 8DC2EF5B0486A6940098B216;
			remoteInfo = Sparkle;
		};
		47E697B519F73EE00009E243 /* PBXContainerItemProxy */ = {
			isa = PBXContainerItemProxy;
			containerPortal = 47E697A819F73EE00009E243 /* Sparkle.xcodeproj */;
			proxyType = 2;
			remoteGlobalIDString = 61B5F90209C4CEE200B25A18;
			remoteInfo = "Sparkle Test App";
		};
		47E697B719F73EE00009E243 /* PBXContainerItemProxy */ = {
			isa = PBXContainerItemProxy;
			containerPortal = 47E697A819F73EE00009E243 /* Sparkle.xcodeproj */;
			proxyType = 2;
			remoteGlobalIDString = 612279D90DB5470200AB99EA;
			remoteInfo = "Sparkle Unit Tests";
		};
		47E697B919F73EE00009E243 /* PBXContainerItemProxy */ = {
			isa = PBXContainerItemProxy;
			containerPortal = 47E697A819F73EE00009E243 /* Sparkle.xcodeproj */;
			proxyType = 2;
			remoteGlobalIDString = 5D06E8D00FD68C7C005AE3F6;
			remoteInfo = BinaryDelta;
		};
		47E697BB19F73EE00009E243 /* PBXContainerItemProxy */ = {
			isa = PBXContainerItemProxy;
			containerPortal = 47E697A819F73EE00009E243 /* Sparkle.xcodeproj */;
			proxyType = 2;
			remoteGlobalIDString = 55C14BB7136EEF1500649790;
			remoteInfo = Autoupdate;
		};
		47E697BF19F73F050009E243 /* PBXContainerItemProxy */ = {
			isa = PBXContainerItemProxy;
			containerPortal = 47E697A819F73EE00009E243 /* Sparkle.xcodeproj */;
			proxyType = 1;
			remoteGlobalIDString = 8DC2EF4F0486A6940098B216;
			remoteInfo = Sparkle;
		};
/* End PBXContainerItemProxy section */

/* Begin PBXCopyFilesBuildPhase section */
		47E697BD19F73EF20009E243 /* CopyFiles */ = {
			isa = PBXCopyFilesBuildPhase;
			buildActionMask = 2147483647;
			dstPath = "";
			dstSubfolderSpec = 10;
			files = (
				47E697C119F73F0E0009E243 /* Sparkle.framework in CopyFiles */,
			);
			runOnlyForDeploymentPostprocessing = 0;
		};
/* End PBXCopyFilesBuildPhase section */

/* Begin PBXFileReference section */
		47E6978319F73DF70009E243 /* TestSparkleFramework.app */ = {isa = PBXFileReference; explicitFileType = wrapper.application; includeInIndex = 0; path = TestSparkleFramework.app; sourceTree = BUILT_PRODUCTS_DIR; };
		47E6978719F73DF70009E243 /* Info.plist */ = {isa = PBXFileReference; lastKnownFileType = text.plist.xml; path = Info.plist; sourceTree = "<group>"; };
		47E6978819F73DF70009E243 /* main.m */ = {isa = PBXFileReference; lastKnownFileType = sourcecode.c.objc; path = main.m; sourceTree = "<group>"; };
		47E6978A19F73DF70009E243 /* AppDelegate.h */ = {isa = PBXFileReference; lastKnownFileType = sourcecode.c.h; path = AppDelegate.h; sourceTree = "<group>"; };
		47E6978B19F73DF70009E243 /* AppDelegate.m */ = {isa = PBXFileReference; lastKnownFileType = sourcecode.c.objc; path = AppDelegate.m; sourceTree = "<group>"; };
		47E6978D19F73DF70009E243 /* Images.xcassets */ = {isa = PBXFileReference; lastKnownFileType = folder.assetcatalog; path = Images.xcassets; sourceTree = "<group>"; };
		47E6979019F73DF70009E243 /* Base */ = {isa = PBXFileReference; lastKnownFileType = file.xib; name = Base; path = Base.lproj/MainMenu.xib; sourceTree = "<group>"; };
		47E6979619F73DF70009E243 /* TestSparkleFrameworkTests.xctest */ = {isa = PBXFileReference; explicitFileType = wrapper.cfbundle; includeInIndex = 0; path = TestSparkleFrameworkTests.xctest; sourceTree = BUILT_PRODUCTS_DIR; };
		47E6979B19F73DF70009E243 /* Info.plist */ = {isa = PBXFileReference; lastKnownFileType = text.plist.xml; path = Info.plist; sourceTree = "<group>"; };
		47E6979C19F73DF70009E243 /* TestSparkleFrameworkTests.m */ = {isa = PBXFileReference; lastKnownFileType = sourcecode.c.objc; path = TestSparkleFrameworkTests.m; sourceTree = "<group>"; };
		47E697A619F73E6B0009E243 /* ProductPackaging.sh */ = {isa = PBXFileReference; fileEncoding = 4; lastKnownFileType = text.script.sh; path = ProductPackaging.sh; sourceTree = "<group>"; };
		47E697A819F73EE00009E243 /* Sparkle.xcodeproj */ = {isa = PBXFileReference; lastKnownFileType = "wrapper.pb-project"; name = Sparkle.xcodeproj; path = Sparkle/Sparkle.xcodeproj; sourceTree = "<group>"; };
		47E697C219F73F190009E243 /* Sparkle.framework */ = {isa = PBXFileReference; lastKnownFileType = wrapper.framework; name = Sparkle.framework; path = "../../Library/Developer/Xcode/DerivedData/TestSparkleFramework-egepqmxgqvtxwpcvwnszuuhjnigf/Build/Products/Debug/Sparkle.framework"; sourceTree = "<group>"; };
/* End PBXFileReference section */

/* Begin PBXFrameworksBuildPhase section */
		47E6978019F73DF70009E243 /* Frameworks */ = {
			isa = PBXFrameworksBuildPhase;
			buildActionMask = 2147483647;
			files = (
				47E697C319F73F190009E243 /* Sparkle.framework in Frameworks */,
			);
			runOnlyForDeploymentPostprocessing = 0;
		};
		47E6979319F73DF70009E243 /* Frameworks */ = {
			isa = PBXFrameworksBuildPhase;
			buildActionMask = 2147483647;
			files = (
			);
			runOnlyForDeploymentPostprocessing = 0;
		};
/* End PBXFrameworksBuildPhase section */

/* Begin PBXGroup section */
		47E6977A19F73DF70009E243 = {
			isa = PBXGroup;
			children = (
				47E697A819F73EE00009E243 /* Sparkle.xcodeproj */,
				47E697A619F73E6B0009E243 /* ProductPackaging.sh */,
				47E6978519F73DF70009E243 /* TestSparkleFramework */,
				47E6979919F73DF70009E243 /* TestSparkleFrameworkTests */,
				47E697BE19F73EF80009E243 /* Frameworks */,
				47E6978419F73DF70009E243 /* Products */,
			);
			sourceTree = "<group>";
		};
		47E6978419F73DF70009E243 /* Products */ = {
			isa = PBXGroup;
			children = (
				47E6978319F73DF70009E243 /* TestSparkleFramework.app */,
				47E6979619F73DF70009E243 /* TestSparkleFrameworkTests.xctest */,
			);
			name = Products;
			sourceTree = "<group>";
		};
		47E6978519F73DF70009E243 /* TestSparkleFramework */ = {
			isa = PBXGroup;
			children = (
				47E6978A19F73DF70009E243 /* AppDelegate.h */,
				47E6978B19F73DF70009E243 /* AppDelegate.m */,
				47E6978D19F73DF70009E243 /* Images.xcassets */,
				47E6978F19F73DF70009E243 /* MainMenu.xib */,
				47E6978619F73DF70009E243 /* Supporting Files */,
			);
			path = TestSparkleFramework;
			sourceTree = "<group>";
		};
		47E6978619F73DF70009E243 /* Supporting Files */ = {
			isa = PBXGroup;
			children = (
				47E6978719F73DF70009E243 /* Info.plist */,
				47E6978819F73DF70009E243 /* main.m */,
			);
			name = "Supporting Files";
			sourceTree = "<group>";
		};
		47E6979919F73DF70009E243 /* TestSparkleFrameworkTests */ = {
			isa = PBXGroup;
			children = (
				47E6979C19F73DF70009E243 /* TestSparkleFrameworkTests.m */,
				47E6979A19F73DF70009E243 /* Supporting Files */,
			);
			path = TestSparkleFrameworkTests;
			sourceTree = "<group>";
		};
		47E6979A19F73DF70009E243 /* Supporting Files */ = {
			isa = PBXGroup;
			children = (
				47E6979B19F73DF70009E243 /* Info.plist */,
			);
			name = "Supporting Files";
			sourceTree = "<group>";
		};
		47E697A919F73EE00009E243 /* Products */ = {
			isa = PBXGroup;
			children = (
				47E697B419F73EE00009E243 /* Sparkle.framework */,
				47E697B619F73EE00009E243 /* Sparkle Test App.app */,
				47E697B819F73EE00009E243 /* Sparkle Unit Tests.xctest */,
				47E697BA19F73EE00009E243 /* BinaryDelta */,
				47E697BC19F73EE00009E243 /* Autoupdate.app */,
			);
			name = Products;
			sourceTree = "<group>";
		};
		47E697BE19F73EF80009E243 /* Frameworks */ = {
			isa = PBXGroup;
			children = (
				47E697C219F73F190009E243 /* Sparkle.framework */,
			);
			name = Frameworks;
			sourceTree = "<group>";
		};
/* End PBXGroup section */

/* Begin PBXNativeTarget section */
		47E6978219F73DF70009E243 /* TestSparkleFramework */ = {
			isa = PBXNativeTarget;
			buildConfigurationList = 47E697A019F73DF70009E243 /* Build configuration list for PBXNativeTarget "TestSparkleFramework" */;
			buildPhases = (
				47E6977F19F73DF70009E243 /* Sources */,
				47E6978019F73DF70009E243 /* Frameworks */,
				47E6978119F73DF70009E243 /* Resources */,
				47E697BD19F73EF20009E243 /* CopyFiles */,
				47E697C419F73FBA0009E243 /* ShellScript */,
			);
			buildRules = (
			);
			dependencies = (
				47E697C019F73F050009E243 /* PBXTargetDependency */,
			);
			name = TestSparkleFramework;
			productName = TestSparkleFramework;
			productReference = 47E6978319F73DF70009E243 /* TestSparkleFramework.app */;
			productType = "com.apple.product-type.application";
		};
		47E6979519F73DF70009E243 /* TestSparkleFrameworkTests */ = {
			isa = PBXNativeTarget;
			buildConfigurationList = 47E697A319F73DF70009E243 /* Build configuration list for PBXNativeTarget "TestSparkleFrameworkTests" */;
			buildPhases = (
				47E6979219F73DF70009E243 /* Sources */,
				47E6979319F73DF70009E243 /* Frameworks */,
				47E6979419F73DF70009E243 /* Resources */,
			);
			buildRules = (
			);
			dependencies = (
				47E6979819F73DF70009E243 /* PBXTargetDependency */,
			);
			name = TestSparkleFrameworkTests;
			productName = TestSparkleFrameworkTests;
			productReference = 47E6979619F73DF70009E243 /* TestSparkleFrameworkTests.xctest */;
			productType = "com.apple.product-type.bundle.unit-test";
		};
/* End PBXNativeTarget section */

/* Begin PBXProject section */
		47E6977B19F73DF70009E243 /* Project object */ = {
			isa = PBXProject;
			attributes = {
				LastUpgradeCheck = 0600;
				ORGANIZATIONNAME = "Simon Pascal Baur";
				TargetAttributes = {
					47E6978219F73DF70009E243 = {
						CreatedOnToolsVersion = 6.0.1;
					};
					47E6979519F73DF70009E243 = {
						CreatedOnToolsVersion = 6.0.1;
						TestTargetID = 47E6978219F73DF70009E243;
					};
				};
			};
			buildConfigurationList = 47E6977E19F73DF70009E243 /* Build configuration list for PBXProject "TestSparkleFramework" */;
			compatibilityVersion = "Xcode 3.2";
			developmentRegion = English;
			hasScannedForEncodings = 0;
			knownRegions = (
				en,
				Base,
			);
			mainGroup = 47E6977A19F73DF70009E243;
			productRefGroup = 47E6978419F73DF70009E243 /* Products */;
			projectDirPath = "";
			projectReferences = (
				{
					ProductGroup = 47E697A919F73EE00009E243 /* Products */;
					ProjectRef = 47E697A819F73EE00009E243 /* Sparkle.xcodeproj */;
				},
			);
			projectRoot = "";
			targets = (
				47E6978219F73DF70009E243 /* TestSparkleFramework */,
				47E6979519F73DF70009E243 /* TestSparkleFrameworkTests */,
			);
		};
/* End PBXProject section */

/* Begin PBXReferenceProxy section */
		47E697B419F73EE00009E243 /* Sparkle.framework */ = {
			isa = PBXReferenceProxy;
			fileType = wrapper.framework;
			path = Sparkle.framework;
			remoteRef = 47E697B319F73EE00009E243 /* PBXContainerItemProxy */;
			sourceTree = BUILT_PRODUCTS_DIR;
		};
		47E697B619F73EE00009E243 /* Sparkle Test App.app */ = {
			isa = PBXReferenceProxy;
			fileType = wrapper.application;
			path = "Sparkle Test App.app";
			remoteRef = 47E697B519F73EE00009E243 /* PBXContainerItemProxy */;
			sourceTree = BUILT_PRODUCTS_DIR;
		};
		47E697B819F73EE00009E243 /* Sparkle Unit Tests.xctest */ = {
			isa = PBXReferenceProxy;
			fileType = wrapper.cfbundle;
			path = "Sparkle Unit Tests.xctest";
			remoteRef = 47E697B719F73EE00009E243 /* PBXContainerItemProxy */;
			sourceTree = BUILT_PRODUCTS_DIR;
		};
		47E697BA19F73EE00009E243 /* BinaryDelta */ = {
			isa = PBXReferenceProxy;
			fileType = "compiled.mach-o.executable";
			path = BinaryDelta;
			remoteRef = 47E697B919F73EE00009E243 /* PBXContainerItemProxy */;
			sourceTree = BUILT_PRODUCTS_DIR;
		};
		47E697BC19F73EE00009E243 /* Autoupdate.app */ = {
			isa = PBXReferenceProxy;
			fileType = wrapper.application;
			path = Autoupdate.app;
			remoteRef = 47E697BB19F73EE00009E243 /* PBXContainerItemProxy */;
			sourceTree = BUILT_PRODUCTS_DIR;
		};
/* End PBXReferenceProxy section */

/* Begin PBXResourcesBuildPhase section */
		47E6978119F73DF70009E243 /* Resources */ = {
			isa = PBXResourcesBuildPhase;
			buildActionMask = 2147483647;
			files = (
				47E6978E19F73DF70009E243 /* Images.xcassets in Resources */,
				47E697A719F73E6B0009E243 /* ProductPackaging.sh in Resources */,
				47E6979119F73DF70009E243 /* MainMenu.xib in Resources */,
			);
			runOnlyForDeploymentPostprocessing = 0;
		};
		47E6979419F73DF70009E243 /* Resources */ = {
			isa = PBXResourcesBuildPhase;
			buildActionMask = 2147483647;
			files = (
			);
			runOnlyForDeploymentPostprocessing = 0;
		};
/* End PBXResourcesBuildPhase section */

/* Begin PBXShellScriptBuildPhase section */
		47E697C419F73FBA0009E243 /* ShellScript */ = {
			isa = PBXShellScriptBuildPhase;
			buildActionMask = 2147483647;
			files = (
			);
			inputPaths = (
			);
			outputPaths = (
			);
			runOnlyForDeploymentPostprocessing = 0;
			shellPath = /bin/bash;
			shellScript = "set -e\nsh \"${SOURCE_ROOT}/ProductPackaging.sh\"\nexit 0";
		};
/* End PBXShellScriptBuildPhase section */

/* Begin PBXSourcesBuildPhase section */
		47E6977F19F73DF70009E243 /* Sources */ = {
			isa = PBXSourcesBuildPhase;
			buildActionMask = 2147483647;
			files = (
				47E6978C19F73DF70009E243 /* AppDelegate.m in Sources */,
				47E6978919F73DF70009E243 /* main.m in Sources */,
			);
			runOnlyForDeploymentPostprocessing = 0;
		};
		47E6979219F73DF70009E243 /* Sources */ = {
			isa = PBXSourcesBuildPhase;
			buildActionMask = 2147483647;
			files = (
				47E6979D19F73DF70009E243 /* TestSparkleFrameworkTests.m in Sources */,
			);
			runOnlyForDeploymentPostprocessing = 0;
		};
/* End PBXSourcesBuildPhase section */

/* Begin PBXTargetDependency section */
		47E6979819F73DF70009E243 /* PBXTargetDependency */ = {
			isa = PBXTargetDependency;
			target = 47E6978219F73DF70009E243 /* TestSparkleFramework */;
			targetProxy = 47E6979719F73DF70009E243 /* PBXContainerItemProxy */;
		};
		47E697C019F73F050009E243 /* PBXTargetDependency */ = {
			isa = PBXTargetDependency;
			name = Sparkle;
			targetProxy = 47E697BF19F73F050009E243 /* PBXContainerItemProxy */;
		};
/* End PBXTargetDependency section */

/* Begin PBXVariantGroup section */
		47E6978F19F73DF70009E243 /* MainMenu.xib */ = {
			isa = PBXVariantGroup;
			children = (
				47E6979019F73DF70009E243 /* Base */,
			);
			name = MainMenu.xib;
			sourceTree = "<group>";
		};
/* End PBXVariantGroup section */

/* Begin XCBuildConfiguration section */
		47E6979E19F73DF70009E243 /* Debug */ = {
			isa = XCBuildConfiguration;
			buildSettings = {
				ALWAYS_SEARCH_USER_PATHS = NO;
				CLANG_CXX_LANGUAGE_STANDARD = "gnu++0x";
				CLANG_CXX_LIBRARY = "libc++";
				CLANG_ENABLE_MODULES = YES;
				CLANG_ENABLE_OBJC_ARC = YES;
				CLANG_WARN_BOOL_CONVERSION = YES;
				CLANG_WARN_CONSTANT_CONVERSION = YES;
				CLANG_WARN_DIRECT_OBJC_ISA_USAGE = YES_ERROR;
				CLANG_WARN_EMPTY_BODY = YES;
				CLANG_WARN_ENUM_CONVERSION = YES;
				CLANG_WARN_INT_CONVERSION = YES;
				CLANG_WARN_OBJC_ROOT_CLASS = YES_ERROR;
				CLANG_WARN_UNREACHABLE_CODE = YES;
				CLANG_WARN__DUPLICATE_METHOD_MATCH = YES;
				CODE_SIGN_IDENTITY = "-";
				COPY_PHASE_STRIP = NO;
				ENABLE_STRICT_OBJC_MSGSEND = YES;
				GCC_C_LANGUAGE_STANDARD = gnu99;
				GCC_DYNAMIC_NO_PIC = NO;
				GCC_OPTIMIZATION_LEVEL = 0;
				GCC_PREPROCESSOR_DEFINITIONS = (
					"DEBUG=1",
					"$(inherited)",
				);
				GCC_SYMBOLS_PRIVATE_EXTERN = NO;
				GCC_WARN_64_TO_32_BIT_CONVERSION = YES;
				GCC_WARN_ABOUT_RETURN_TYPE = YES_ERROR;
				GCC_WARN_UNDECLARED_SELECTOR = YES;
				GCC_WARN_UNINITIALIZED_AUTOS = YES_AGGRESSIVE;
				GCC_WARN_UNUSED_FUNCTION = YES;
				GCC_WARN_UNUSED_VARIABLE = YES;
				MACOSX_DEPLOYMENT_TARGET = 10.9;
				MTL_ENABLE_DEBUG_INFO = YES;
				ONLY_ACTIVE_ARCH = YES;
				SDKROOT = macosx;
			};
			name = Debug;
		};
		47E6979F19F73DF70009E243 /* Release */ = {
			isa = XCBuildConfiguration;
			buildSettings = {
				ALWAYS_SEARCH_USER_PATHS = NO;
				CLANG_CXX_LANGUAGE_STANDARD = "gnu++0x";
				CLANG_CXX_LIBRARY = "libc++";
				CLANG_ENABLE_MODULES = YES;
				CLANG_ENABLE_OBJC_ARC = YES;
				CLANG_WARN_BOOL_CONVERSION = YES;
				CLANG_WARN_CONSTANT_CONVERSION = YES;
				CLANG_WARN_DIRECT_OBJC_ISA_USAGE = YES_ERROR;
				CLANG_WARN_EMPTY_BODY = YES;
				CLANG_WARN_ENUM_CONVERSION = YES;
				CLANG_WARN_INT_CONVERSION = YES;
				CLANG_WARN_OBJC_ROOT_CLASS = YES_ERROR;
				CLANG_WARN_UNREACHABLE_CODE = YES;
				CLANG_WARN__DUPLICATE_METHOD_MATCH = YES;
				CODE_SIGN_IDENTITY = "-";
				COPY_PHASE_STRIP = YES;
				DEBUG_INFORMATION_FORMAT = "dwarf-with-dsym";
				ENABLE_NS_ASSERTIONS = NO;
				ENABLE_STRICT_OBJC_MSGSEND = YES;
				GCC_C_LANGUAGE_STANDARD = gnu99;
				GCC_WARN_64_TO_32_BIT_CONVERSION = YES;
				GCC_WARN_ABOUT_RETURN_TYPE = YES_ERROR;
				GCC_WARN_UNDECLARED_SELECTOR = YES;
				GCC_WARN_UNINITIALIZED_AUTOS = YES_AGGRESSIVE;
				GCC_WARN_UNUSED_FUNCTION = YES;
				GCC_WARN_UNUSED_VARIABLE = YES;
				MACOSX_DEPLOYMENT_TARGET = 10.9;
				MTL_ENABLE_DEBUG_INFO = NO;
				SDKROOT = macosx;
			};
			name = Release;
		};
		47E697A119F73DF70009E243 /* Debug */ = {
			isa = XCBuildConfiguration;
			buildSettings = {
				ASSETCATALOG_COMPILER_APPICON_NAME = AppIcon;
				CODE_SIGN_IDENTITY = "";
				COMBINE_HIDPI_IMAGES = YES;
				FRAMEWORK_SEARCH_PATHS = (
					"$(inherited)",
					"$(USER_LIBRARY_DIR)/Developer/Xcode/DerivedData/TestSparkleFramework-egepqmxgqvtxwpcvwnszuuhjnigf/Build/Products/Debug",
				);
				INFOPLIST_FILE = TestSparkleFramework/Info.plist;
				LD_RUNPATH_SEARCH_PATHS = "$(inherited) @executable_path/../Frameworks";
				PRODUCT_NAME = "$(TARGET_NAME)";
			};
			name = Debug;
		};
		47E697A219F73DF70009E243 /* Release */ = {
			isa = XCBuildConfiguration;
			buildSettings = {
				ASSETCATALOG_COMPILER_APPICON_NAME = AppIcon;
				CODE_SIGN_IDENTITY = "";
				COMBINE_HIDPI_IMAGES = YES;
				FRAMEWORK_SEARCH_PATHS = (
					"$(inherited)",
					"$(USER_LIBRARY_DIR)/Developer/Xcode/DerivedData/TestSparkleFramework-egepqmxgqvtxwpcvwnszuuhjnigf/Build/Products/Debug",
				);
				INFOPLIST_FILE = TestSparkleFramework/Info.plist;
				LD_RUNPATH_SEARCH_PATHS = "$(inherited) @executable_path/../Frameworks";
				PRODUCT_NAME = "$(TARGET_NAME)";
			};
			name = Release;
		};
		47E697A419F73DF70009E243 /* Debug */ = {
			isa = XCBuildConfiguration;
			buildSettings = {
				BUNDLE_LOADER = "$(TEST_HOST)";
				COMBINE_HIDPI_IMAGES = YES;
				FRAMEWORK_SEARCH_PATHS = (
					"$(DEVELOPER_FRAMEWORKS_DIR)",
					"$(inherited)",
				);
				GCC_PREPROCESSOR_DEFINITIONS = (
					"DEBUG=1",
					"$(inherited)",
				);
				INFOPLIST_FILE = TestSparkleFrameworkTests/Info.plist;
				LD_RUNPATH_SEARCH_PATHS = "$(inherited) @executable_path/../Frameworks @loader_path/../Frameworks";
				PRODUCT_NAME = "$(TARGET_NAME)";
				TEST_HOST = "$(BUILT_PRODUCTS_DIR)/TestSparkleFramework.app/Contents/MacOS/TestSparkleFramework";
			};
			name = Debug;
		};
		47E697A519F73DF70009E243 /* Release */ = {
			isa = XCBuildConfiguration;
			buildSettings = {
				BUNDLE_LOADER = "$(TEST_HOST)";
				COMBINE_HIDPI_IMAGES = YES;
				FRAMEWORK_SEARCH_PATHS = (
					"$(DEVELOPER_FRAMEWORKS_DIR)",
					"$(inherited)",
				);
				INFOPLIST_FILE = TestSparkleFrameworkTests/Info.plist;
				LD_RUNPATH_SEARCH_PATHS = "$(inherited) @executable_path/../Frameworks @loader_path/../Frameworks";
				PRODUCT_NAME = "$(TARGET_NAME)";
				TEST_HOST = "$(BUILT_PRODUCTS_DIR)/TestSparkleFramework.app/Contents/MacOS/TestSparkleFramework";
			};
			name = Release;
		};
/* End XCBuildConfiguration section */

/* Begin XCConfigurationList section */
		47E6977E19F73DF70009E243 /* Build configuration list for PBXProject "TestSparkleFramework" */ = {
			isa = XCConfigurationList;
			buildConfigurations = (
				47E6979E19F73DF70009E243 /* Debug */,
				47E6979F19F73DF70009E243 /* Release */,
			);
			defaultConfigurationIsVisible = 0;
			defaultConfigurationName = Release;
		};
		47E697A019F73DF70009E243 /* Build configuration list for PBXNativeTarget "TestSparkleFramework" */ = {
			isa = XCConfigurationList;
			buildConfigurations = (
				47E697A119F73DF70009E243 /* Debug */,
				47E697A219F73DF70009E243 /* Release */,
			);
			defaultConfigurationIsVisible = 0;
		};
		47E697A319F73DF70009E243 /* Build configuration list for PBXNativeTarget "TestSparkleFrameworkTests" */ = {
			isa = XCConfigurationList;
			buildConfigurations = (
				47E697A419F73DF70009E243 /* Debug */,
				47E697A519F73DF70009E243 /* Release */,
			);
			defaultConfigurationIsVisible = 0;
		};
/* End XCConfigurationList section */
	};
	rootObject = 47E6977B19F73DF70009E243 /* Project object */;
}
